
Microsoft Visual Studio Solution File, Format Version 12.00
# Visual Studio 15
VisualStudioVersion = 15.0.28307.645
MinimumVisualStudioVersion = 10.0.40219.1
Project("{9A19103F-16F7-4668-BE54-9A1E7A4F7556}") = "CarFactory", "CarFactory\CarFactory.csproj", "{2F20477F-8212-412F-8D7F-21AEEA0B70E1}"
EndProject
Project("{2150E333-8FDC-42A3-9474-1A3956D46DE8}") = "API", "API", "{B64BD7A9-967F-458A-9D0A-6B01002CDE7A}"
EndProject
Project("{2150E333-8FDC-42A3-9474-1A3956D46DE8}") = "Brands", "Brands", "{C0328A46-4CF0-440C-89DD-CD2DF414E341}"
EndProject
Project("{FAE04EC0-301F-11D3-BF4B-00C04F79EFBC}") = "BMW", "BMW\BMW.csproj", "{C3AC4F8D-D233-4088-A0D6-CB1539F6BDD1}"
EndProject
Project("{FAE04EC0-301F-11D3-BF4B-00C04F79EFBC}") = "Audi", "Audi\Audi.csproj", "{732EB3A8-5042-4106-9748-BF93B92CB59A}"
EndProject
Project("{FAE04EC0-301F-11D3-BF4B-00C04F79EFBC}") = "Jaguar", "Jaguar\Jaguar.csproj", "{E928A0C3-FE59-4585-A9F0-0BC3DD5CDF87}"
EndProject
Project("{2150E333-8FDC-42A3-9474-1A3956D46DE8}") = "Provider", "Provider", "{C4AAD3D0-C2D7-40DB-9055-B31FBCA5C011}"
EndProject
Project("{2150E333-8FDC-42A3-9474-1A3956D46DE8}") = "Repository", "Repository", "{8AE4BB26-B4D4-4ACB-B6D0-4BF60453820D}"
EndProject
Project("{FAE04EC0-301F-11D3-BF4B-00C04F79EFBC}") = "CarsRepository", "CarsRepository\CarsRepository.csproj", "{72DA4407-C921-447F-A41F-985A49AE0982}"
EndProject
Project("{FAE04EC0-301F-11D3-BF4B-00C04F79EFBC}") = "CarsProvider", "CarsProvider\CarsProvider.csproj", "{10E1AD3E-7FD3-4D9B-89D6-15D368226046}"
EndProject
Project("{2150E333-8FDC-42A3-9474-1A3956D46DE8}") = "Interfaces", "Interfaces", "{2B252A97-225F-4AAC-890E-86AE6F286D32}"
EndProject
Project("{FAE04EC0-301F-11D3-BF4B-00C04F79EFBC}") = "CarsInterfaces", "CarsInterfaces\CarsInterfaces.csproj", "{2D6EFE64-8ED8-4B50-83A8-83343F7C2204}"
EndProject
Project("{2150E333-8FDC-42A3-9474-1A3956D46DE8}") = "Common", "Common", "{CA3DA2A0-8CB2-41F8-AA83-6FF57E81C45F}"
EndProject
Project("{FAE04EC0-301F-11D3-BF4B-00C04F79EFBC}") = "CommonSolutions", "CommonSolutions\CommonSolutions.csproj", "{4FC430D9-1ED0-4A87-A330-6EEB4C9C38F2}"
EndProject
Global
	GlobalSection(SolutionConfigurationPlatforms) = preSolution
		Debug|Any CPU = Debug|Any CPU
		Release|Any CPU = Release|Any CPU
	EndGlobalSection
	GlobalSection(ProjectConfigurationPlatforms) = postSolution
		{2F20477F-8212-412F-8D7F-21AEEA0B70E1}.Debug|Any CPU.ActiveCfg = Debug|Any CPU
		{2F20477F-8212-412F-8D7F-21AEEA0B70E1}.Debug|Any CPU.Build.0 = Debug|Any CPU
		{2F20477F-8212-412F-8D7F-21AEEA0B70E1}.Release|Any CPU.ActiveCfg = Release|Any CPU
		{2F20477F-8212-412F-8D7F-21AEEA0B70E1}.Release|Any CPU.Build.0 = Release|Any CPU
		{C3AC4F8D-D233-4088-A0D6-CB1539F6BDD1}.Debug|Any CPU.ActiveCfg = Debug|Any CPU
		{C3AC4F8D-D233-4088-A0D6-CB1539F6BDD1}.Debug|Any CPU.Build.0 = Debug|Any CPU
		{C3AC4F8D-D233-4088-A0D6-CB1539F6BDD1}.Release|Any CPU.ActiveCfg = Release|Any CPU
		{C3AC4F8D-D233-4088-A0D6-CB1539F6BDD1}.Release|Any CPU.Build.0 = Release|Any CPU
		{732EB3A8-5042-4106-9748-BF93B92CB59A}.Debug|Any CPU.ActiveCfg = Debug|Any CPU
		{732EB3A8-5042-4106-9748-BF93B92CB59A}.Debug|Any CPU.Build.0 = Debug|Any CPU
		{732EB3A8-5042-4106-9748-BF93B92CB59A}.Release|Any CPU.ActiveCfg = Release|Any CPU
		{732EB3A8-5042-4106-9748-BF93B92CB59A}.Release|Any CPU.Build.0 = Release|Any CPU
		{E928A0C3-FE59-4585-A9F0-0BC3DD5CDF87}.Debug|Any CPU.ActiveCfg = Debug|Any CPU
		{E928A0C3-FE59-4585-A9F0-0BC3DD5CDF87}.Debug|Any CPU.Build.0 = Debug|Any CPU
		{E928A0C3-FE59-4585-A9F0-0BC3DD5CDF87}.Release|Any CPU.ActiveCfg = Release|Any CPU
		{E928A0C3-FE59-4585-A9F0-0BC3DD5CDF87}.Release|Any CPU.Build.0 = Release|Any CPU
		{72DA4407-C921-447F-A41F-985A49AE0982}.Debug|Any CPU.ActiveCfg = Debug|Any CPU
		{72DA4407-C921-447F-A41F-985A49AE0982}.Debug|Any CPU.Build.0 = Debug|Any CPU
		{72DA4407-C921-447F-A41F-985A49AE0982}.Release|Any CPU.ActiveCfg = Release|Any CPU
		{72DA4407-C921-447F-A41F-985A49AE0982}.Release|Any CPU.Build.0 = Release|Any CPU
		{10E1AD3E-7FD3-4D9B-89D6-15D368226046}.Debug|Any CPU.ActiveCfg = Debug|Any CPU
		{10E1AD3E-7FD3-4D9B-89D6-15D368226046}.Debug|Any CPU.Build.0 = Debug|Any CPU
		{10E1AD3E-7FD3-4D9B-89D6-15D368226046}.Release|Any CPU.ActiveCfg = Release|Any CPU
		{10E1AD3E-7FD3-4D9B-89D6-15D368226046}.Release|Any CPU.Build.0 = Release|Any CPU
		{2D6EFE64-8ED8-4B50-83A8-83343F7C2204}.Debug|Any CPU.ActiveCfg = Debug|Any CPU
		{2D6EFE64-8ED8-4B50-83A8-83343F7C2204}.Debug|Any CPU.Build.0 = Debug|Any CPU
		{2D6EFE64-8ED8-4B50-83A8-83343F7C2204}.Release|Any CPU.ActiveCfg = Release|Any CPU
		{2D6EFE64-8ED8-4B50-83A8-83343F7C2204}.Release|Any CPU.Build.0 = Release|Any CPU
		{4FC430D9-1ED0-4A87-A330-6EEB4C9C38F2}.Debug|Any CPU.ActiveCfg = Debug|Any CPU
		{4FC430D9-1ED0-4A87-A330-6EEB4C9C38F2}.Debug|Any CPU.Build.0 = Debug|Any CPU
		{4FC430D9-1ED0-4A87-A330-6EEB4C9C38F2}.Release|Any CPU.ActiveCfg = Release|Any CPU
		{4FC430D9-1ED0-4A87-A330-6EEB4C9C38F2}.Release|Any CPU.Build.0 = Release|Any CPU
	EndGlobalSection
	GlobalSection(SolutionProperties) = preSolution
		HideSolutionNode = FALSE
	EndGlobalSection
	GlobalSection(NestedProjects) = preSolution
		{2F20477F-8212-412F-8D7F-21AEEA0B70E1} = {B64BD7A9-967F-458A-9D0A-6B01002CDE7A}
		{C3AC4F8D-D233-4088-A0D6-CB1539F6BDD1} = {C0328A46-4CF0-440C-89DD-CD2DF414E341}
		{732EB3A8-5042-4106-9748-BF93B92CB59A} = {C0328A46-4CF0-440C-89DD-CD2DF414E341}
		{E928A0C3-FE59-4585-A9F0-0BC3DD5CDF87} = {C0328A46-4CF0-440C-89DD-CD2DF414E341}
		{72DA4407-C921-447F-A41F-985A49AE0982} = {8AE4BB26-B4D4-4ACB-B6D0-4BF60453820D}
		{10E1AD3E-7FD3-4D9B-89D6-15D368226046} = {C4AAD3D0-C2D7-40DB-9055-B31FBCA5C011}
		{2D6EFE64-8ED8-4B50-83A8-83343F7C2204} = {2B252A97-225F-4AAC-890E-86AE6F286D32}
		{4FC430D9-1ED0-4A87-A330-6EEB4C9C38F2} = {CA3DA2A0-8CB2-41F8-AA83-6FF57E81C45F}
	EndGlobalSection
	GlobalSection(ExtensibilityGlobals) = postSolution
		SolutionGuid = {C655CC6B-9A8C-4797-B731-6DDF0B742023}
	EndGlobalSection
EndGlobal
